// !$*UTF8*$!
{
	archiveVersion = 1;
	classes = {
	};
	objectVersion = 50;
	objects = {

/* Begin PBXBuildFile section */
		4E180AD3217A6BDC00B73192 /* PlacesVC.swift in Sources */ = {isa = PBXBuildFile; fileRef = 4E180AD2217A6BDC00B73192 /* PlacesVC.swift */; };
		4E6EF128217B189500200884 /* AttributesVC.swift in Sources */ = {isa = PBXBuildFile; fileRef = 4E6EF127217B189400200884 /* AttributesVC.swift */; };
		4E6EF12A217B1A5A00200884 /* LocationVC.swift in Sources */ = {isa = PBXBuildFile; fileRef = 4E6EF129217B1A5A00200884 /* LocationVC.swift */; };
		4E6EF12C217B1CA300200884 /* DetailsVC.swift in Sources */ = {isa = PBXBuildFile; fileRef = 4E6EF12B217B1CA300200884 /* DetailsVC.swift */; };
		4E8106AF2179EEDF001C90B3 /* AppDelegate.swift in Sources */ = {isa = PBXBuildFile; fileRef = 4E8106AE2179EEDF001C90B3 /* AppDelegate.swift */; };
		4E8106B12179EEDF001C90B3 /* SignInVC.swift in Sources */ = {isa = PBXBuildFile; fileRef = 4E8106B02179EEDF001C90B3 /* SignInVC.swift */; };
		4E8106B42179EEE0001C90B3 /* Main.storyboard in Resources */ = {isa = PBXBuildFile; fileRef = 4E8106B22179EEE0001C90B3 /* Main.storyboard */; };
		4E8106B62179EEEE001C90B3 /* Assets.xcassets in Resources */ = {isa = PBXBuildFile; fileRef = 4E8106B52179EEEE001C90B3 /* Assets.xcassets */; };
		4E8106B92179EEEE001C90B3 /* LaunchScreen.storyboard in Resources */ = {isa = PBXBuildFile; fileRef = 4E8106B72179EEEE001C90B3 /* LaunchScreen.storyboard */; };
		4E8106C12179F003001C90B3 /* GoogleService-Info.plist in Resources */ = {isa = PBXBuildFile; fileRef = 4E8106C02179F003001C90B3 /* GoogleService-Info.plist */; };
		DDD60F986E7B33700C6BAA72 /* Pods_Foursquare_Clone_Firebase.framework in Frameworks */ = {isa = PBXBuildFile; fileRef = 7EB774096B060607349CD92E /* Pods_Foursquare_Clone_Firebase.framework */; };
/* End PBXBuildFile section */

/* Begin PBXFileReference section */
		4E180AD2217A6BDC00B73192 /* PlacesVC.swift */ = {isa = PBXFileReference; lastKnownFileType = sourcecode.swift; path = PlacesVC.swift; sourceTree = "<group>"; };
		4E6EF127217B189400200884 /* AttributesVC.swift */ = {isa = PBXFileReference; lastKnownFileType = sourcecode.swift; path = AttributesVC.swift; sourceTree = "<group>"; };
		4E6EF129217B1A5A00200884 /* LocationVC.swift */ = {isa = PBXFileReference; lastKnownFileType = sourcecode.swift; path = LocationVC.swift; sourceTree = "<group>"; };
		4E6EF12B217B1CA300200884 /* DetailsVC.swift */ = {isa = PBXFileReference; lastKnownFileType = sourcecode.swift; path = DetailsVC.swift; sourceTree = "<group>"; };
		4E8106AB2179EEDF001C90B3 /* Foursquare Clone Firebase.app */ = {isa = PBXFileReference; explicitFileType = wrapper.application; includeInIndex = 0; path = "Foursquare Clone Firebase.app"; sourceTree = BUILT_PRODUCTS_DIR; };
		4E8106AE2179EEDF001C90B3 /* AppDelegate.swift */ = {isa = PBXFileReference; lastKnownFileType = sourcecode.swift; path = AppDelegate.swift; sourceTree = "<group>"; };
		4E8106B02179EEDF001C90B3 /* SignInVC.swift */ = {isa = PBXFileReference; lastKnownFileType = sourcecode.swift; path = SignInVC.swift; sourceTree = "<group>"; };
		4E8106B32179EEE0001C90B3 /* Base */ = {isa = PBXFileReference; lastKnownFileType = file.storyboard; name = Base; path = Base.lproj/Main.storyboard; sourceTree = "<group>"; };
		4E8106B52179EEEE001C90B3 /* Assets.xcassets */ = {isa = PBXFileReference; lastKnownFileType = folder.assetcatalog; path = Assets.xcassets; sourceTree = "<group>"; };
		4E8106B82179EEEE001C90B3 /* Base */ = {isa = PBXFileReference; lastKnownFileType = file.storyboard; name = Base; path = Base.lproj/LaunchScreen.storyboard; sourceTree = "<group>"; };
		4E8106BA2179EEEE001C90B3 /* Info.plist */ = {isa = PBXFileReference; lastKnownFileType = text.plist.xml; path = Info.plist; sourceTree = "<group>"; };
		4E8106C02179F003001C90B3 /* GoogleService-Info.plist */ = {isa = PBXFileReference; fileEncoding = 4; lastKnownFileType = text.plist.xml; path = "GoogleService-Info.plist"; sourceTree = "<group>"; };
		7EB774096B060607349CD92E /* Pods_Foursquare_Clone_Firebase.framework */ = {isa = PBXFileReference; explicitFileType = wrapper.framework; includeInIndex = 0; path = Pods_Foursquare_Clone_Firebase.framework; sourceTree = BUILT_PRODUCTS_DIR; };
		86A88DCC7CF71FA98FB317BD /* Pods-Foursquare Clone Firebase.release.xcconfig */ = {isa = PBXFileReference; includeInIndex = 1; lastKnownFileType = text.xcconfig; name = "Pods-Foursquare Clone Firebase.release.xcconfig"; path = "Pods/Target Support Files/Pods-Foursquare Clone Firebase/Pods-Foursquare Clone Firebase.release.xcconfig"; sourceTree = "<group>"; };
		F16E2827B14862FB903D9F92 /* Pods-Foursquare Clone Firebase.debug.xcconfig */ = {isa = PBXFileReference; includeInIndex = 1; lastKnownFileType = text.xcconfig; name = "Pods-Foursquare Clone Firebase.debug.xcconfig"; path = "Pods/Target Support Files/Pods-Foursquare Clone Firebase/Pods-Foursquare Clone Firebase.debug.xcconfig"; sourceTree = "<group>"; };
/* End PBXFileReference section */

/* Begin PBXFrameworksBuildPhase section */
		4E8106A82179EEDF001C90B3 /* Frameworks */ = {
			isa = PBXFrameworksBuildPhase;
			buildActionMask = 2147483647;
			files = (
				DDD60F986E7B33700C6BAA72 /* Pods_Foursquare_Clone_Firebase.framework in Frameworks */,
			);
			runOnlyForDeploymentPostprocessing = 0;
		};
/* End PBXFrameworksBuildPhase section */

/* Begin PBXGroup section */
		4E6EF126217B175E00200884 /* Controllers */ = {
			isa = PBXGroup;
			children = (
				4E8106B02179EEDF001C90B3 /* SignInVC.swift */,
				4E180AD2217A6BDC00B73192 /* PlacesVC.swift */,
				4E6EF127217B189400200884 /* AttributesVC.swift */,
				4E6EF129217B1A5A00200884 /* LocationVC.swift */,
				4E6EF12B217B1CA300200884 /* DetailsVC.swift */,
			);
			path = Controllers;
			sourceTree = "<group>";
		};
		4E8106A22179EEDF001C90B3 = {
			isa = PBXGroup;
			children = (
				4E8106AD2179EEDF001C90B3 /* Foursquare Clone Firebase */,
				4E8106AC2179EEDF001C90B3 /* Products */,
				A2E6F116635351CCD9ADD8E4 /* Pods */,
				C38156656114301BB7E94904 /* Frameworks */,
			);
			sourceTree = "<group>";
		};
		4E8106AC2179EEDF001C90B3 /* Products */ = {
			isa = PBXGroup;
			children = (
				4E8106AB2179EEDF001C90B3 /* Foursquare Clone Firebase.app */,
			);
			name = Products;
			sourceTree = "<group>";
		};
		4E8106AD2179EEDF001C90B3 /* Foursquare Clone Firebase */ = {
			isa = PBXGroup;
			children = (
				4E8106AE2179EEDF001C90B3 /* AppDelegate.swift */,
				4E8106B22179EEE0001C90B3 /* Main.storyboard */,
				4E6EF126217B175E00200884 /* Controllers */,
				4E8106B52179EEEE001C90B3 /* Assets.xcassets */,
				4E8106B72179EEEE001C90B3 /* LaunchScreen.storyboard */,
				4E8106C02179F003001C90B3 /* GoogleService-Info.plist */,
				4E8106BA2179EEEE001C90B3 /* Info.plist */,
			);
			path = "Foursquare Clone Firebase";
			sourceTree = "<group>";
		};
		A2E6F116635351CCD9ADD8E4 /* Pods */ = {
			isa = PBXGroup;
			children = (
				F16E2827B14862FB903D9F92 /* Pods-Foursquare Clone Firebase.debug.xcconfig */,
				86A88DCC7CF71FA98FB317BD /* Pods-Foursquare Clone Firebase.release.xcconfig */,
			);
			name = Pods;
			sourceTree = "<group>";
		};
		C38156656114301BB7E94904 /* Frameworks */ = {
			isa = PBXGroup;
			children = (
				7EB774096B060607349CD92E /* Pods_Foursquare_Clone_Firebase.framework */,
			);
			name = Frameworks;
			sourceTree = "<group>";
		};
/* End PBXGroup section */

/* Begin PBXNativeTarget section */
		4E8106AA2179EEDF001C90B3 /* Foursquare Clone Firebase */ = {
			isa = PBXNativeTarget;
			buildConfigurationList = 4E8106BD2179EEEE001C90B3 /* Build configuration list for PBXNativeTarget "Foursquare Clone Firebase" */;
			buildPhases = (
				6CC58696DECE0F1B46292477 /* [CP] Check Pods Manifest.lock */,
				4E8106A72179EEDF001C90B3 /* Sources */,
				4E8106A82179EEDF001C90B3 /* Frameworks */,
				4E8106A92179EEDF001C90B3 /* Resources */,
				55C07F92166DD2D42E61D20B /* [CP] Embed Pods Frameworks */,
			);
			buildRules = (
			);
			dependencies = (
			);
			name = "Foursquare Clone Firebase";
			productName = "Foursquare Clone Firebase";
			productReference = 4E8106AB2179EEDF001C90B3 /* Foursquare Clone Firebase.app */;
			productType = "com.apple.product-type.application";
		};
/* End PBXNativeTarget section */

/* Begin PBXProject section */
		4E8106A32179EEDF001C90B3 /* Project object */ = {
			isa = PBXProject;
			attributes = {
				LastSwiftUpdateCheck = 1000;
				LastUpgradeCheck = 1000;
				ORGANIZATIONNAME = Alper;
				TargetAttributes = {
					4E8106AA2179EEDF001C90B3 = {
						CreatedOnToolsVersion = 10.0;
					};
				};
			};
			buildConfigurationList = 4E8106A62179EEDF001C90B3 /* Build configuration list for PBXProject "Foursquare Clone Firebase" */;
			compatibilityVersion = "Xcode 9.3";
			developmentRegion = en;
			hasScannedForEncodings = 0;
			knownRegions = (
				en,
				Base,
			);
			mainGroup = 4E8106A22179EEDF001C90B3;
			productRefGroup = 4E8106AC2179EEDF001C90B3 /* Products */;
			projectDirPath = "";
			projectRoot = "";
			targets = (
				4E8106AA2179EEDF001C90B3 /* Foursquare Clone Firebase */,
			);
		};
/* End PBXProject section */

/* Begin PBXResourcesBuildPhase section */
		4E8106A92179EEDF001C90B3 /* Resources */ = {
			isa = PBXResourcesBuildPhase;
			buildActionMask = 2147483647;
			files = (
				4E8106B92179EEEE001C90B3 /* LaunchScreen.storyboard in Resources */,
				4E8106C12179F003001C90B3 /* GoogleService-Info.plist in Resources */,
				4E8106B62179EEEE001C90B3 /* Assets.xcassets in Resources */,
				4E8106B42179EEE0001C90B3 /* Main.storyboard in Resources */,
			);
			runOnlyForDeploymentPostprocessing = 0;
		};
/* End PBXResourcesBuildPhase section */

/* Begin PBXShellScriptBuildPhase section */
		55C07F92166DD2D42E61D20B /* [CP] Embed Pods Frameworks */ = {
			isa = PBXShellScriptBuildPhase;
			buildActionMask = 2147483647;
			files = (
			);
			inputPaths = (
				"${SRCROOT}/Pods/Target Support Files/Pods-Foursquare Clone Firebase/Pods-Foursquare Clone Firebase-frameworks.sh",
				"${BUILT_PRODUCTS_DIR}/GTMSessionFetcher/GTMSessionFetcher.framework",
				"${BUILT_PRODUCTS_DIR}/GoogleToolboxForMac/GoogleToolboxForMac.framework",
				"${BUILT_PRODUCTS_DIR}/leveldb-library/leveldb.framework",
				"${BUILT_PRODUCTS_DIR}/nanopb/nanopb.framework",
			);
			name = "[CP] Embed Pods Frameworks";
			outputPaths = (
				"${TARGET_BUILD_DIR}/${FRAMEWORKS_FOLDER_PATH}/GTMSessionFetcher.framework",
				"${TARGET_BUILD_DIR}/${FRAMEWORKS_FOLDER_PATH}/GoogleToolboxForMac.framework",
				"${TARGET_BUILD_DIR}/${FRAMEWORKS_FOLDER_PATH}/leveldb.framework",
				"${TARGET_BUILD_DIR}/${FRAMEWORKS_FOLDER_PATH}/nanopb.framework",
			);
			runOnlyForDeploymentPostprocessing = 0;
			shellPath = /bin/sh;
			shellScript = "\"${SRCROOT}/Pods/Target Support Files/Pods-Foursquare Clone Firebase/Pods-Foursquare Clone Firebase-frameworks.sh\"\n";
			showEnvVarsInLog = 0;
		};
		6CC58696DECE0F1B46292477 /* [CP] Check Pods Manifest.lock */ = {
			isa = PBXShellScriptBuildPhase;
			buildActionMask = 2147483647;
			files = (
			);
			inputPaths = (
				"${PODS_PODFILE_DIR_PATH}/Podfile.lock",
				"${PODS_ROOT}/Manifest.lock",
			);
			name = "[CP] Check Pods Manifest.lock";
			outputPaths = (
				"$(DERIVED_FILE_DIR)/Pods-Foursquare Clone Firebase-checkManifestLockResult.txt",
			);
			runOnlyForDeploymentPostprocessing = 0;
			shellPath = /bin/sh;
			shellScript = "diff \"${PODS_PODFILE_DIR_PATH}/Podfile.lock\" \"${PODS_ROOT}/Manifest.lock\" > /dev/null\nif [ $? != 0 ] ; then\n    # print error to STDERR\n    echo \"error: The sandbox is not in sync with the Podfile.lock. Run 'pod install' or update your CocoaPods installation.\" >&2\n    exit 1\nfi\n# This output is used by Xcode 'outputs' to avoid re-running this script phase.\necho \"SUCCESS\" > \"${SCRIPT_OUTPUT_FILE_0}\"\n";
			showEnvVarsInLog = 0;
		};
/* End PBXShellScriptBuildPhase section */

/* Begin PBXSourcesBuildPhase section */
		4E8106A72179EEDF001C90B3 /* Sources */ = {
			isa = PBXSourcesBuildPhase;
			buildActionMask = 2147483647;
			files = (
				4E6EF12A217B1A5A00200884 /* LocationVC.swift in Sources */,
				4E6EF12C217B1CA300200884 /* DetailsVC.swift in Sources */,
				4E180AD3217A6BDC00B73192 /* PlacesVC.swift in Sources */,
				4E6EF128217B189500200884 /* AttributesVC.swift in Sources */,
				4E8106B12179EEDF001C90B3 /* SignInVC.swift in Sources */,
				4E8106AF2179EEDF001C90B3 /* AppDelegate.swift in Sources */,
			);
			runOnlyForDeploymentPostprocessing = 0;
		};
/* End PBXSourcesBuildPhase section */

/* Begin PBXVariantGroup section */
		4E8106B22179EEE0001C90B3 /* Main.storyboard */ = {
			isa = PBXVariantGroup;
			children = (
				4E8106B32179EEE0001C90B3 /* Base */,
			);
			name = Main.storyboard;
			sourceTree = "<group>";
		};
		4E8106B72179EEEE001C90B3 /* LaunchScreen.storyboard */ = {
			isa = PBXVariantGroup;
			children = (
				4E8106B82179EEEE001C90B3 /* Base */,
			);
			name = LaunchScreen.storyboard;
			sourceTree = "<group>";
		};
/* End PBXVariantGroup section */

/* Begin XCBuildConfiguration section */
		4E8106BB2179EEEE001C90B3 /* Debug */ = {
			isa = XCBuildConfiguration;
			buildSettings = {
				ALWAYS_SEARCH_USER_PATHS = NO;
				CLANG_ANALYZER_NONNULL = YES;
				CLANG_ANALYZER_NUMBER_OBJECT_CONVERSION = YES_AGGRESSIVE;
				CLANG_CXX_LANGUAGE_STANDARD = "gnu++14";
				CLANG_CXX_LIBRARY = "libc++";
				CLANG_ENABLE_MODULES = YES;
				CLANG_ENABLE_OBJC_ARC = YES;
				CLANG_ENABLE_OBJC_WEAK = YES;
				CLANG_WARN_BLOCK_CAPTURE_AUTORELEASING = YES;
				CLANG_WARN_BOOL_CONVERSION = YES;
				CLANG_WARN_COMMA = YES;
				CLANG_WARN_CONSTANT_CONVERSION = YES;
				CLANG_WARN_DEPRECATED_OBJC_IMPLEMENTATIONS = YES;
				CLANG_WARN_DIRECT_OBJC_ISA_USAGE = YES_ERROR;
				CLANG_WARN_DOCUMENTATION_COMMENTS = YES;
				CLANG_WARN_EMPTY_BODY = YES;
				CLANG_WARN_ENUM_CONVERSION = YES;
				CLANG_WARN_INFINITE_RECURSION = YES;
				CLANG_WARN_INT_CONVERSION = YES;
				CLANG_WARN_NON_LITERAL_NULL_CONVERSION = YES;
				CLANG_WARN_OBJC_IMPLICIT_RETAIN_SELF = YES;
				CLANG_WARN_OBJC_LITERAL_CONVERSION = YES;
				CLANG_WARN_OBJC_ROOT_CLASS = YES_ERROR;
				CLANG_WARN_RANGE_LOOP_ANALYSIS = YES;
				CLANG_WARN_STRICT_PROTOTYPES = YES;
				CLANG_WARN_SUSPICIOUS_MOVE = YES;
				CLANG_WARN_UNGUARDED_AVAILABILITY = YES_AGGRESSIVE;
				CLANG_WARN_UNREACHABLE_CODE = YES;
				CLANG_WARN__DUPLICATE_METHOD_MATCH = YES;
				CODE_SIGN_IDENTITY = "iPhone Developer";
				COPY_PHASE_STRIP = NO;
				DEBUG_INFORMATION_FORMAT = dwarf;
				ENABLE_STRICT_OBJC_MSGSEND = YES;
				ENABLE_TESTABILITY = YES;
				GCC_C_LANGUAGE_STANDARD = gnu11;
				GCC_DYNAMIC_NO_PIC = NO;
				GCC_NO_COMMON_BLOCKS = YES;
				GCC_OPTIMIZATION_LEVEL = 0;
				GCC_PREPROCESSOR_DEFINITIONS = (
					"DEBUG=1",
					"$(inherited)",
				);
				GCC_WARN_64_TO_32_BIT_CONVERSION = YES;
				GCC_WARN_ABOUT_RETURN_TYPE = YES_ERROR;
				GCC_WARN_UNDECLARED_SELECTOR = YES;
				GCC_WARN_UNINITIALIZED_AUTOS = YES_AGGRESSIVE;
				GCC_WARN_UNUSED_FUNCTION = YES;
				GCC_WARN_UNUSED_VARIABLE = YES;
				IPHONEOS_DEPLOYMENT_TARGET = 12.0;
				MTL_ENABLE_DEBUG_INFO = INCLUDE_SOURCE;
				MTL_FAST_MATH = YES;
				ONLY_ACTIVE_ARCH = YES;
				SDKROOT = iphoneos;
				SWIFT_ACTIVE_COMPILATION_CONDITIONS = DEBUG;
				SWIFT_OPTIMIZATION_LEVEL = "-Onone";
			};
			name = Debug;
		};
		4E8106BC2179EEEE001C90B3 /* Release */ = {
			isa = XCBuildConfiguration;
			buildSettings = {
				ALWAYS_SEARCH_USER_PATHS = NO;
				CLANG_ANALYZER_NONNULL = YES;
				CLANG_ANALYZER_NUMBER_OBJECT_CONVERSION = YES_AGGRESSIVE;
				CLANG_CXX_LANGUAGE_STANDARD = "gnu++14";
				CLANG_CXX_LIBRARY = "libc++";
				CLANG_ENABLE_MODULES = YES;
				CLANG_ENABLE_OBJC_ARC = YES;
				CLANG_ENABLE_OBJC_WEAK = YES;
				CLANG_WARN_BLOCK_CAPTURE_AUTORELEASING = YES;
				CLANG_WARN_BOOL_CONVERSION = YES;
				CLANG_WARN_COMMA = YES;
				CLANG_WARN_CONSTANT_CONVERSION = YES;
				CLANG_WARN_DEPRECATED_OBJC_IMPLEMENTATIONS = YES;
				CLANG_WARN_DIRECT_OBJC_ISA_USAGE = YES_ERROR;
				CLANG_WARN_DOCUMENTATION_COMMENTS = YES;
				CLANG_WARN_EMPTY_BODY = YES;
				CLANG_WARN_ENUM_CONVERSION = YES;
				CLANG_WARN_INFINITE_RECURSION = YES;
				CLANG_WARN_INT_CONVERSION = YES;
				CLANG_WARN_NON_LITERAL_NULL_CONVERSION = YES;
				CLANG_WARN_OBJC_IMPLICIT_RETAIN_SELF = YES;
				CLANG_WARN_OBJC_LITERAL_CONVERSION = YES;
				CLANG_WARN_OBJC_ROOT_CLASS = YES_ERROR;
				CLANG_WARN_RANGE_LOOP_ANALYSIS = YES;
				CLANG_WARN_STRICT_PROTOTYPES = YES;
				CLANG_WARN_SUSPICIOUS_MOVE = YES;
				CLANG_WARN_UNGUARDED_AVAILABILITY = YES_AGGRESSIVE;
				CLANG_WARN_UNREACHABLE_CODE = YES;
				CLANG_WARN__DUPLICATE_METHOD_MATCH = YES;
				CODE_SIGN_IDENTITY = "iPhone Developer";
				COPY_PHASE_STRIP = NO;
				DEBUG_INFORMATION_FORMAT = "dwarf-with-dsym";
				ENABLE_NS_ASSERTIONS = NO;
				ENABLE_STRICT_OBJC_MSGSEND = YES;
				GCC_C_LANGUAGE_STANDARD = gnu11;
				GCC_NO_COMMON_BLOCKS = YES;
				GCC_WARN_64_TO_32_BIT_CONVERSION = YES;
				GCC_WARN_ABOUT_RETURN_TYPE = YES_ERROR;
				GCC_WARN_UNDECLARED_SELECTOR = YES;
				GCC_WARN_UNINITIALIZED_AUTOS = YES_AGGRESSIVE;
				GCC_WARN_UNUSED_FUNCTION = YES;
				GCC_WARN_UNUSED_VARIABLE = YES;
				IPHONEOS_DEPLOYMENT_TARGET = 12.0;
				MTL_ENABLE_DEBUG_INFO = NO;
				MTL_FAST_MATH = YES;
				SDKROOT = iphoneos;
				SWIFT_COMPILATION_MODE = wholemodule;
				SWIFT_OPTIMIZATION_LEVEL = "-O";
				VALIDATE_PRODUCT = YES;
			};
			name = Release;
		};
		4E8106BE2179EEEE001C90B3 /* Debug */ = {
			isa = XCBuildConfiguration;
			baseConfigurationReference = F16E2827B14862FB903D9F92 /* Pods-Foursquare Clone Firebase.debug.xcconfig */;
			buildSettings = {
				ASSETCATALOG_COMPILER_APPICON_NAME = AppIcon;
				CODE_SIGN_STYLE = Automatic;
				DEVELOPMENT_TEAM = BXLJ3EBPHP;
				INFOPLIST_FILE = "Foursquare Clone Firebase/Info.plist";
				LD_RUNPATH_SEARCH_PATHS = (
					"$(inherited)",
					"@executable_path/Frameworks",
				);
				PRODUCT_BUNDLE_IDENTIFIER = "com.alperalanyali.Foursquare-Clone-Firebase";
				PRODUCT_NAME = "$(TARGET_NAME)";
				SWIFT_VERSION = 4.2;
				TARGETED_DEVICE_FAMILY = "1,2";
			};
			name = Debug;
		};
		4E8106BF2179EEEE001C90B3 /* Release */ = {
			isa = XCBuildConfiguration;
			baseConfigurationReference = 86A88DCC7CF71FA98FB317BD /* Pods-Foursquare Clone Firebase.release.xcconfig */;
			buildSettings = {
				ASSETCATALOG_COMPILER_APPICON_NAME = AppIcon;
				CODE_SIGN_STYLE = Automatic;
				DEVELOPMENT_TEAM = BXLJ3EBPHP;
				INFOPLIST_FILE = "Foursquare Clone Firebase/Info.plist";
				LD_RUNPATH_SEARCH_PATHS = (
					"$(inherited)",
					"@executable_path/Frameworks",
				);
				PRODUCT_BUNDLE_IDENTIFIER = "com.alperalanyali.Foursquare-Clone-Firebase";
				PRODUCT_NAME = "$(TARGET_NAME)";
				SWIFT_VERSION = 4.2;
				TARGETED_DEVICE_FAMILY = "1,2";
			};
			name = Release;
		};
/* End XCBuildConfiguration section */

/* Begin XCConfigurationList section */
		4E8106A62179EEDF001C90B3 /* Build configuration list for PBXProject "Foursquare Clone Firebase" */ = {
			isa = XCConfigurationList;
			buildConfigurations = (
				4E8106BB2179EEEE001C90B3 /* Debug */,
				4E8106BC2179EEEE001C90B3 /* Release */,
			);
			defaultConfigurationIsVisible = 0;
			defaultConfigurationName = Release;
		};
		4E8106BD2179EEEE001C90B3 /* Build configuration list for PBXNativeTarget "Foursquare Clone Firebase" */ = {
			isa = XCConfigurationList;
			buildConfigurations = (
				4E8106BE2179EEEE001C90B3 /* Debug */,
				4E8106BF2179EEEE001C90B3 /* Release */,
			);
			defaultConfigurationIsVisible = 0;
			defaultConfigurationName = Release;
		};
/* End XCConfigurationList section */
	};
	rootObject = 4E8106A32179EEDF001C90B3 /* Project object */;
}
